
Microsoft Visual Studio Solution File, Format Version 12.00
# Visual Studio Version 16
VisualStudioVersion = 16.0.31205.134
MinimumVisualStudioVersion = 10.0.40219.1
Project("{FAE04EC0-301F-11D3-BF4B-00C04F79EFBC}") = "Greetings", "Greetings\Greetings.csproj", "{6B9ADA3D-56E4-4AF3-9B02-156A94B1B405}"
EndProject
Project("{FAE04EC0-301F-11D3-BF4B-00C04F79EFBC}") = "Divider", "Divider\Divider.csproj", "{FC5C069F-A94C-4734-B790-E0F8A98DFC76}"
EndProject
Global
	GlobalSection(SolutionConfigurationPlatforms) = preSolution
		Debug|Any CPU = Debug|Any CPU
		Release|Any CPU = Release|Any CPU
	EndGlobalSection
	GlobalSection(ProjectConfigurationPlatforms) = postSolution
		{6B9ADA3D-56E4-4AF3-9B02-156A94B1B405}.Debug|Any CPU.ActiveCfg = Debug|Any CPU
		{6B9ADA3D-56E4-4AF3-9B02-156A94B1B405}.Debug|Any CPU.Build.0 = Debug|Any CPU
		{6B9ADA3D-56E4-4AF3-9B02-156A94B1B405}.Release|Any CPU.ActiveCfg = Release|Any CPU
		{6B9ADA3D-56E4-4AF3-9B02-156A94B1B405}.Release|Any CPU.Build.0 = Release|Any CPU
		{FC5C069F-A94C-4734-B790-E0F8A98DFC76}.Debug|Any CPU.ActiveCfg = Debug|Any CPU
		{FC5C069F-A94C-4734-B790-E0F8A98DFC76}.Debug|Any CPU.Build.0 = Debug|Any CPU
		{FC5C069F-A94C-4734-B790-E0F8A98DFC76}.Release|Any CPU.ActiveCfg = Release|Any CPU
		{FC5C069F-A94C-4734-B790-E0F8A98DFC76}.Release|Any CPU.Build.0 = Release|Any CPU
	EndGlobalSection
	GlobalSection(SolutionProperties) = preSolution
		HideSolutionNode = FALSE
	EndGlobalSection
	GlobalSection(ExtensibilityGlobals) = postSolution
		SolutionGuid = {B1B3B62B-8A24-4D54-B685-A1065EC15183}
	EndGlobalSection
EndGlobal
